
Microsoft Visual Studio Solution File, Format Version 12.00
# Visual Studio Version 17
VisualStudioVersion = 17.4.33122.133
MinimumVisualStudioVersion = 10.0.40219.1
Project("{2150E333-8FDC-42A3-9474-1A3956D46DE8}") = "src", "src", "{7DCC3284-C4C7-444A-AFB0-5DDDA9999D42}"
EndProject
Project("{2150E333-8FDC-42A3-9474-1A3956D46DE8}") = "core", "core", "{E4A5C0CD-AB87-440F-9B26-D69531FF0588}"
EndProject
Project("{2150E333-8FDC-42A3-9474-1A3956D46DE8}") = "external", "external", "{2BCFE523-C178-416A-A238-A6D8B5955D06}"
EndProject
Project("{2150E333-8FDC-42A3-9474-1A3956D46DE8}") = "test", "test", "{C0A70F39-016C-4846-A9B2-BA7BEC3A902D}"
EndProject
Project("{9A19103F-16F7-4668-BE54-9A1E7A4F7556}") = "Application", "Application\Application.csproj", "{D0F1F78A-E921-4CD6-BED7-8C08CD713567}"
EndProject
Project("{9A19103F-16F7-4668-BE54-9A1E7A4F7556}") = "Domain", "Domain\Domain.csproj", "{7578826D-308A-46B1-B5A5-F32C50FFCDA5}"
EndProject
Project("{9A19103F-16F7-4668-BE54-9A1E7A4F7556}") = "Infrastructure", "Infrastructure\Infrastructure.csproj", "{25816403-301B-47DB-B5BF-14CB7B12715E}"
EndProject
Project("{9A19103F-16F7-4668-BE54-9A1E7A4F7556}") = "Presentation", "Presentation\Presentation.csproj", "{2079EBCD-9783-4200-9E32-583FB212CBAE}"
EndProject
Project("{FAE04EC0-301F-11D3-BF4B-00C04F79EFBC}") = "Web", "Web\Web.csproj", "{32778157-6766-48AA-ADDD-FB8C23FA4D6A}"
EndProject
Global
	GlobalSection(SolutionConfigurationPlatforms) = preSolution
		Debug|Any CPU = Debug|Any CPU
		Release|Any CPU = Release|Any CPU
	EndGlobalSection
	GlobalSection(ProjectConfigurationPlatforms) = postSolution
		{D0F1F78A-E921-4CD6-BED7-8C08CD713567}.Debug|Any CPU.ActiveCfg = Debug|Any CPU
		{D0F1F78A-E921-4CD6-BED7-8C08CD713567}.Debug|Any CPU.Build.0 = Debug|Any CPU
		{D0F1F78A-E921-4CD6-BED7-8C08CD713567}.Release|Any CPU.ActiveCfg = Release|Any CPU
		{D0F1F78A-E921-4CD6-BED7-8C08CD713567}.Release|Any CPU.Build.0 = Release|Any CPU
		{7578826D-308A-46B1-B5A5-F32C50FFCDA5}.Debug|Any CPU.ActiveCfg = Debug|Any CPU
		{7578826D-308A-46B1-B5A5-F32C50FFCDA5}.Debug|Any CPU.Build.0 = Debug|Any CPU
		{7578826D-308A-46B1-B5A5-F32C50FFCDA5}.Release|Any CPU.ActiveCfg = Release|Any CPU
		{7578826D-308A-46B1-B5A5-F32C50FFCDA5}.Release|Any CPU.Build.0 = Release|Any CPU
		{25816403-301B-47DB-B5BF-14CB7B12715E}.Debug|Any CPU.ActiveCfg = Debug|Any CPU
		{25816403-301B-47DB-B5BF-14CB7B12715E}.Debug|Any CPU.Build.0 = Debug|Any CPU
		{25816403-301B-47DB-B5BF-14CB7B12715E}.Release|Any CPU.ActiveCfg = Release|Any CPU
		{25816403-301B-47DB-B5BF-14CB7B12715E}.Release|Any CPU.Build.0 = Release|Any CPU
		{2079EBCD-9783-4200-9E32-583FB212CBAE}.Debug|Any CPU.ActiveCfg = Debug|Any CPU
		{2079EBCD-9783-4200-9E32-583FB212CBAE}.Debug|Any CPU.Build.0 = Debug|Any CPU
		{2079EBCD-9783-4200-9E32-583FB212CBAE}.Release|Any CPU.ActiveCfg = Release|Any CPU
		{2079EBCD-9783-4200-9E32-583FB212CBAE}.Release|Any CPU.Build.0 = Release|Any CPU
		{32778157-6766-48AA-ADDD-FB8C23FA4D6A}.Debug|Any CPU.ActiveCfg = Debug|Any CPU
		{32778157-6766-48AA-ADDD-FB8C23FA4D6A}.Debug|Any CPU.Build.0 = Debug|Any CPU
		{32778157-6766-48AA-ADDD-FB8C23FA4D6A}.Release|Any CPU.ActiveCfg = Release|Any CPU
		{32778157-6766-48AA-ADDD-FB8C23FA4D6A}.Release|Any CPU.Build.0 = Release|Any CPU
	EndGlobalSection
	GlobalSection(SolutionProperties) = preSolution
		HideSolutionNode = FALSE
	EndGlobalSection
	GlobalSection(NestedProjects) = preSolution
		{E4A5C0CD-AB87-440F-9B26-D69531FF0588} = {7DCC3284-C4C7-444A-AFB0-5DDDA9999D42}
		{2BCFE523-C178-416A-A238-A6D8B5955D06} = {7DCC3284-C4C7-444A-AFB0-5DDDA9999D42}
		{C0A70F39-016C-4846-A9B2-BA7BEC3A902D} = {7DCC3284-C4C7-444A-AFB0-5DDDA9999D42}
		{D0F1F78A-E921-4CD6-BED7-8C08CD713567} = {E4A5C0CD-AB87-440F-9B26-D69531FF0588}
		{7578826D-308A-46B1-B5A5-F32C50FFCDA5} = {E4A5C0CD-AB87-440F-9B26-D69531FF0588}
		{25816403-301B-47DB-B5BF-14CB7B12715E} = {2BCFE523-C178-416A-A238-A6D8B5955D06}
		{2079EBCD-9783-4200-9E32-583FB212CBAE} = {2BCFE523-C178-416A-A238-A6D8B5955D06}
		{32778157-6766-48AA-ADDD-FB8C23FA4D6A} = {7DCC3284-C4C7-444A-AFB0-5DDDA9999D42}
	EndGlobalSection
	GlobalSection(ExtensibilityGlobals) = postSolution
		SolutionGuid = {30F3C375-9CE6-456D-9EF9-A2CC45829615}
	EndGlobalSection
EndGlobal
